
Microsoft Visual Studio Solution File, Format Version 12.00
# Visual Studio Version 17
VisualStudioVersion = 17.6.33723.286
MinimumVisualStudioVersion = 10.0.40219.1
Project("{F184B08F-C81C-45F6-A57F-5ABD9991F28F}") = "Basic_NLP_IDE2023", "Basic_NLP_IDE2023.vbproj", "{E313AFA1-4E08-4694-8507-9892622C26C2}"
EndProject
Global
	GlobalSection(SolutionConfigurationPlatforms) = preSolution
		Debug|Any CPU = Debug|Any CPU
		Release|Any CPU = Release|Any CPU
	EndGlobalSection
	GlobalSection(ProjectConfigurationPlatforms) = postSolution
		{E313AFA1-4E08-4694-8507-9892622C26C2}.Debug|Any CPU.ActiveCfg = Debug|Any CPU
		{E313AFA1-4E08-4694-8507-9892622C26C2}.Debug|Any CPU.Build.0 = Debug|Any CPU
		{E313AFA1-4E08-4694-8507-9892622C26C2}.Release|Any CPU.ActiveCfg = Release|Any CPU
		{E313AFA1-4E08-4694-8507-9892622C26C2}.Release|Any CPU.Build.0 = Release|Any CPU
	EndGlobalSection
	GlobalSection(SolutionProperties) = preSolution
		HideSolutionNode = FALSE
	EndGlobalSection
	GlobalSection(ExtensibilityGlobals) = postSolution
		SolutionGuid = {DC8AD7D3-208D-4BB7-9690-4D26FC227D34}
	EndGlobalSection
EndGlobal
